// !$*UTF8*$!
{
	archiveVersion = 1;
	classes = {
	};
	objectVersion = 56;
	objects = {

/* Begin PBXBuildFile section */
		610CDBA42A73D3720029496D /* BlurryView.swift in Sources */ = {isa = PBXBuildFile; fileRef = 610CDBA32A73D3720029496D /* BlurryView.swift */; };
		611222072A5C169900121EE7 /* RGBAColor.swift in Sources */ = {isa = PBXBuildFile; fileRef = 611222062A5C169900121EE7 /* RGBAColor.swift */; };
		614074292A6042B800012DB4 /* MemoryGameThemeChooser.swift in Sources */ = {isa = PBXBuildFile; fileRef = 614074282A6042B800012DB4 /* MemoryGameThemeChooser.swift */; };
		6140742B2A60449400012DB4 /* EmojiThemes.swift in Sources */ = {isa = PBXBuildFile; fileRef = 6140742A2A60449400012DB4 /* EmojiThemes.swift */; };
		614BCB3529E6DE430066B866 /* Pie.swift in Sources */ = {isa = PBXBuildFile; fileRef = 614BCB3429E6DE430066B866 /* Pie.swift */; };
		614BCB3729E6EFC70066B866 /* Cardify.swift in Sources */ = {isa = PBXBuildFile; fileRef = 614BCB3629E6EFC70066B866 /* Cardify.swift */; };
		614C2D922A67130E0015E055 /* AspectVGrid.swift in Sources */ = {isa = PBXBuildFile; fileRef = 614C2D912A67130E0015E055 /* AspectVGrid.swift */; };
		616FA2E72A66D66500DBBA2D /* ThemeEditor.swift in Sources */ = {isa = PBXBuildFile; fileRef = 616FA2E62A66D66500DBBA2D /* ThemeEditor.swift */; };
		61BF55E329BA47800001B559 /* MemorizeApp.swift in Sources */ = {isa = PBXBuildFile; fileRef = 61BF55E229BA47800001B559 /* MemorizeApp.swift */; };
		61BF55E529BA47800001B559 /* EmojiMemoryGameView.swift in Sources */ = {isa = PBXBuildFile; fileRef = 61BF55E429BA47800001B559 /* EmojiMemoryGameView.swift */; };
		61BF55E729BA47820001B559 /* Assets.xcassets in Resources */ = {isa = PBXBuildFile; fileRef = 61BF55E629BA47820001B559 /* Assets.xcassets */; };
		61BF55EA29BA47820001B559 /* Preview Assets.xcassets in Resources */ = {isa = PBXBuildFile; fileRef = 61BF55E929BA47820001B559 /* Preview Assets.xcassets */; };
		61C49F0D2A5C268A009678F3 /* Theme.swift in Sources */ = {isa = PBXBuildFile; fileRef = 61C49F0C2A5C268A009678F3 /* Theme.swift */; };
		61C49F0F2A5C3110009678F3 /* Color&Gradient.swift in Sources */ = {isa = PBXBuildFile; fileRef = 61C49F0E2A5C3110009678F3 /* Color&Gradient.swift */; };
		61C49F112A5C313C009678F3 /* Array&String+removeDuplicates.swift in Sources */ = {isa = PBXBuildFile; fileRef = 61C49F102A5C313C009678F3 /* Array&String+removeDuplicates.swift */; };
		61CA5C5F29C08D2A00B3A400 /* MemoryGame.swift in Sources */ = {isa = PBXBuildFile; fileRef = 61CA5C5E29C08D2A00B3A400 /* MemoryGame.swift */; };
		61CA5C6129C0AEF500B3A400 /* EmojiMemoryGame.swift in Sources */ = {isa = PBXBuildFile; fileRef = 61CA5C6029C0AEF500B3A400 /* EmojiMemoryGame.swift */; };
		61D03ECB29CB71B20019FC7B /* Array+Only.swift in Sources */ = {isa = PBXBuildFile; fileRef = 61D03ECA29CB71B20019FC7B /* Array+Only.swift */; };
		61E10A7129CA1A0D003B72CD /* Grid.swift in Sources */ = {isa = PBXBuildFile; fileRef = 61E10A7029CA1A0D003B72CD /* Grid.swift */; };
		61E10A7329CA53A4003B72CD /* GridLayout.swift in Sources */ = {isa = PBXBuildFile; fileRef = 61E10A7229CA53A4003B72CD /* GridLayout.swift */; };
		61E10A7529CA5720003B72CD /* Array+Identifiable.swift in Sources */ = {isa = PBXBuildFile; fileRef = 61E10A7429CA5720003B72CD /* Array+Identifiable.swift */; };
/* End PBXBuildFile section */

/* Begin PBXFileReference section */
		610CDBA32A73D3720029496D /* BlurryView.swift */ = {isa = PBXFileReference; lastKnownFileType = sourcecode.swift; path = BlurryView.swift; sourceTree = "<group>"; };
		611222062A5C169900121EE7 /* RGBAColor.swift */ = {isa = PBXFileReference; lastKnownFileType = sourcecode.swift; path = RGBAColor.swift; sourceTree = "<group>"; };
		614074282A6042B800012DB4 /* MemoryGameThemeChooser.swift */ = {isa = PBXFileReference; lastKnownFileType = sourcecode.swift; path = MemoryGameThemeChooser.swift; sourceTree = "<group>"; };
		6140742A2A60449400012DB4 /* EmojiThemes.swift */ = {isa = PBXFileReference; lastKnownFileType = sourcecode.swift; path = EmojiThemes.swift; sourceTree = "<group>"; };
		614BCB3429E6DE430066B866 /* Pie.swift */ = {isa = PBXFileReference; lastKnownFileType = sourcecode.swift; path = Pie.swift; sourceTree = "<group>"; };
		614BCB3629E6EFC70066B866 /* Cardify.swift */ = {isa = PBXFileReference; lastKnownFileType = sourcecode.swift; path = Cardify.swift; sourceTree = "<group>"; };
		614C2D912A67130E0015E055 /* AspectVGrid.swift */ = {isa = PBXFileReference; lastKnownFileType = sourcecode.swift; path = AspectVGrid.swift; sourceTree = "<group>"; };
		616FA2E62A66D66500DBBA2D /* ThemeEditor.swift */ = {isa = PBXFileReference; lastKnownFileType = sourcecode.swift; path = ThemeEditor.swift; sourceTree = "<group>"; };
		61BF55DF29BA47800001B559 /* Memorize.app */ = {isa = PBXFileReference; explicitFileType = wrapper.application; includeInIndex = 0; path = Memorize.app; sourceTree = BUILT_PRODUCTS_DIR; };
		61BF55E229BA47800001B559 /* MemorizeApp.swift */ = {isa = PBXFileReference; lastKnownFileType = sourcecode.swift; path = MemorizeApp.swift; sourceTree = "<group>"; };
		61BF55E429BA47800001B559 /* EmojiMemoryGameView.swift */ = {isa = PBXFileReference; lastKnownFileType = sourcecode.swift; path = EmojiMemoryGameView.swift; sourceTree = "<group>"; };
		61BF55E629BA47820001B559 /* Assets.xcassets */ = {isa = PBXFileReference; lastKnownFileType = folder.assetcatalog; path = Assets.xcassets; sourceTree = "<group>"; };
		61BF55E929BA47820001B559 /* Preview Assets.xcassets */ = {isa = PBXFileReference; lastKnownFileType = folder.assetcatalog; path = "Preview Assets.xcassets"; sourceTree = "<group>"; };
		61C49F0C2A5C268A009678F3 /* Theme.swift */ = {isa = PBXFileReference; lastKnownFileType = sourcecode.swift; path = Theme.swift; sourceTree = "<group>"; };
		61C49F0E2A5C3110009678F3 /* Color&Gradient.swift */ = {isa = PBXFileReference; lastKnownFileType = sourcecode.swift; path = "Color&Gradient.swift"; sourceTree = "<group>"; };
		61C49F102A5C313C009678F3 /* Array&String+removeDuplicates.swift */ = {isa = PBXFileReference; lastKnownFileType = sourcecode.swift; path = "Array&String+removeDuplicates.swift"; sourceTree = "<group>"; };
		61CA5C5E29C08D2A00B3A400 /* MemoryGame.swift */ = {isa = PBXFileReference; lastKnownFileType = sourcecode.swift; path = MemoryGame.swift; sourceTree = "<group>"; };
		61CA5C6029C0AEF500B3A400 /* EmojiMemoryGame.swift */ = {isa = PBXFileReference; lastKnownFileType = sourcecode.swift; path = EmojiMemoryGame.swift; sourceTree = "<group>"; };
		61D03ECA29CB71B20019FC7B /* Array+Only.swift */ = {isa = PBXFileReference; lastKnownFileType = sourcecode.swift; path = "Array+Only.swift"; sourceTree = "<group>"; };
		61E10A7029CA1A0D003B72CD /* Grid.swift */ = {isa = PBXFileReference; lastKnownFileType = sourcecode.swift; path = Grid.swift; sourceTree = "<group>"; };
		61E10A7229CA53A4003B72CD /* GridLayout.swift */ = {isa = PBXFileReference; fileEncoding = 4; lastKnownFileType = sourcecode.swift; path = GridLayout.swift; sourceTree = "<group>"; };
		61E10A7429CA5720003B72CD /* Array+Identifiable.swift */ = {isa = PBXFileReference; lastKnownFileType = sourcecode.swift; path = "Array+Identifiable.swift"; sourceTree = "<group>"; };
/* End PBXFileReference section */

/* Begin PBXFrameworksBuildPhase section */
		61BF55DC29BA47800001B559 /* Frameworks */ = {
			isa = PBXFrameworksBuildPhase;
			buildActionMask = 2147483647;
			files = (
			);
			runOnlyForDeploymentPostprocessing = 0;
		};
/* End PBXFrameworksBuildPhase section */

/* Begin PBXGroup section */
		61BF55D629BA47800001B559 = {
			isa = PBXGroup;
			children = (
				61BF55E129BA47800001B559 /* Memorize */,
				61BF55E029BA47800001B559 /* Products */,
			);
			sourceTree = "<group>";
		};
		61BF55E029BA47800001B559 /* Products */ = {
			isa = PBXGroup;
			children = (
				61BF55DF29BA47800001B559 /* Memorize.app */,
			);
			name = Products;
			sourceTree = "<group>";
		};
		61BF55E129BA47800001B559 /* Memorize */ = {
			isa = PBXGroup;
			children = (
				610CDBA32A73D3720029496D /* BlurryView.swift */,
				614C2D912A67130E0015E055 /* AspectVGrid.swift */,
				616FA2E62A66D66500DBBA2D /* ThemeEditor.swift */,
				6140742A2A60449400012DB4 /* EmojiThemes.swift */,
				61C49F0E2A5C3110009678F3 /* Color&Gradient.swift */,
				61C49F102A5C313C009678F3 /* Array&String+removeDuplicates.swift */,
				611222062A5C169900121EE7 /* RGBAColor.swift */,
				614BCB3629E6EFC70066B866 /* Cardify.swift */,
				61D03ECA29CB71B20019FC7B /* Array+Only.swift */,
				61E10A7029CA1A0D003B72CD /* Grid.swift */,
				61E10A7429CA5720003B72CD /* Array+Identifiable.swift */,
				61E10A7229CA53A4003B72CD /* GridLayout.swift */,
				61BF55E229BA47800001B559 /* MemorizeApp.swift */,
				61BF55E429BA47800001B559 /* EmojiMemoryGameView.swift */,
				614BCB3429E6DE430066B866 /* Pie.swift */,
				61CA5C5E29C08D2A00B3A400 /* MemoryGame.swift */,
				61CA5C6029C0AEF500B3A400 /* EmojiMemoryGame.swift */,
				614074282A6042B800012DB4 /* MemoryGameThemeChooser.swift */,
				61C49F0C2A5C268A009678F3 /* Theme.swift */,
				61BF55E629BA47820001B559 /* Assets.xcassets */,
				61BF55E829BA47820001B559 /* Preview Content */,
			);
			path = Memorize;
			sourceTree = "<group>";
		};
		61BF55E829BA47820001B559 /* Preview Content */ = {
			isa = PBXGroup;
			children = (
				61BF55E929BA47820001B559 /* Preview Assets.xcassets */,
			);
			path = "Preview Content";
			sourceTree = "<group>";
		};
/* End PBXGroup section */

/* Begin PBXNativeTarget section */
		61BF55DE29BA47800001B559 /* Memorize */ = {
			isa = PBXNativeTarget;
			buildConfigurationList = 61BF55ED29BA47820001B559 /* Build configuration list for PBXNativeTarget "Memorize" */;
			buildPhases = (
				61BF55DB29BA47800001B559 /* Sources */,
				61BF55DC29BA47800001B559 /* Frameworks */,
				61BF55DD29BA47800001B559 /* Resources */,
			);
			buildRules = (
			);
			dependencies = (
			);
			name = Memorize;
			productName = Memorize;
			productReference = 61BF55DF29BA47800001B559 /* Memorize.app */;
			productType = "com.apple.product-type.application";
		};
/* End PBXNativeTarget section */

/* Begin PBXProject section */
		61BF55D729BA47800001B559 /* Project object */ = {
			isa = PBXProject;
			attributes = {
				BuildIndependentTargetsInParallel = 1;
				LastSwiftUpdateCheck = 1400;
				LastUpgradeCheck = 1400;
				TargetAttributes = {
					61BF55DE29BA47800001B559 = {
						CreatedOnToolsVersion = 14.0.1;
					};
				};
			};
			buildConfigurationList = 61BF55DA29BA47800001B559 /* Build configuration list for PBXProject "Memorize" */;
			compatibilityVersion = "Xcode 14.0";
			developmentRegion = en;
			hasScannedForEncodings = 0;
			knownRegions = (
				en,
				Base,
			);
			mainGroup = 61BF55D629BA47800001B559;
			productRefGroup = 61BF55E029BA47800001B559 /* Products */;
			projectDirPath = "";
			projectRoot = "";
			targets = (
				61BF55DE29BA47800001B559 /* Memorize */,
			);
		};
/* End PBXProject section */

/* Begin PBXResourcesBuildPhase section */
		61BF55DD29BA47800001B559 /* Resources */ = {
			isa = PBXResourcesBuildPhase;
			buildActionMask = 2147483647;
			files = (
				61BF55EA29BA47820001B559 /* Preview Assets.xcassets in Resources */,
				61BF55E729BA47820001B559 /* Assets.xcassets in Resources */,
			);
			runOnlyForDeploymentPostprocessing = 0;
		};
/* End PBXResourcesBuildPhase section */

/* Begin PBXSourcesBuildPhase section */
		61BF55DB29BA47800001B559 /* Sources */ = {
			isa = PBXSourcesBuildPhase;
			buildActionMask = 2147483647;
			files = (
				61CA5C5F29C08D2A00B3A400 /* MemoryGame.swift in Sources */,
				61BF55E529BA47800001B559 /* EmojiMemoryGameView.swift in Sources */,
				61BF55E329BA47800001B559 /* MemorizeApp.swift in Sources */,
				614BCB3529E6DE430066B866 /* Pie.swift in Sources */,
				61E10A7329CA53A4003B72CD /* GridLayout.swift in Sources */,
				611222072A5C169900121EE7 /* RGBAColor.swift in Sources */,
				61E10A7129CA1A0D003B72CD /* Grid.swift in Sources */,
				61CA5C6129C0AEF500B3A400 /* EmojiMemoryGame.swift in Sources */,
				614C2D922A67130E0015E055 /* AspectVGrid.swift in Sources */,
				61E10A7529CA5720003B72CD /* Array+Identifiable.swift in Sources */,
				6140742B2A60449400012DB4 /* EmojiThemes.swift in Sources */,
				61C49F112A5C313C009678F3 /* Array&String+removeDuplicates.swift in Sources */,
				61C49F0D2A5C268A009678F3 /* Theme.swift in Sources */,
				614BCB3729E6EFC70066B866 /* Cardify.swift in Sources */,
				616FA2E72A66D66500DBBA2D /* ThemeEditor.swift in Sources */,
				610CDBA42A73D3720029496D /* BlurryView.swift in Sources */,
				61D03ECB29CB71B20019FC7B /* Array+Only.swift in Sources */,
				614074292A6042B800012DB4 /* MemoryGameThemeChooser.swift in Sources */,
				61C49F0F2A5C3110009678F3 /* Color&Gradient.swift in Sources */,
			);
			runOnlyForDeploymentPostprocessing = 0;
		};
/* End PBXSourcesBuildPhase section */

/* Begin XCBuildConfiguration section */
		61BF55EB29BA47820001B559 /* Debug */ = {
			isa = XCBuildConfiguration;
			buildSettings = {
				ALWAYS_SEARCH_USER_PATHS = NO;
				CLANG_ANALYZER_NONNULL = YES;
				CLANG_ANALYZER_NUMBER_OBJECT_CONVERSION = YES_AGGRESSIVE;
				CLANG_CXX_LANGUAGE_STANDARD = "gnu++20";
				CLANG_ENABLE_MODULES = YES;
				CLANG_ENABLE_OBJC_ARC = YES;
				CLANG_ENABLE_OBJC_WEAK = YES;
				CLANG_WARN_BLOCK_CAPTURE_AUTORELEASING = YES;
				CLANG_WARN_BOOL_CONVERSION = YES;
				CLANG_WARN_COMMA = YES;
				CLANG_WARN_CONSTANT_CONVERSION = YES;
				CLANG_WARN_DEPRECATED_OBJC_IMPLEMENTATIONS = YES;
				CLANG_WARN_DIRECT_OBJC_ISA_USAGE = YES_ERROR;
				CLANG_WARN_DOCUMENTATION_COMMENTS = YES;
				CLANG_WARN_EMPTY_BODY = YES;
				CLANG_WARN_ENUM_CONVERSION = YES;
				CLANG_WARN_INFINITE_RECURSION = YES;
				CLANG_WARN_INT_CONVERSION = YES;
				CLANG_WARN_NON_LITERAL_NULL_CONVERSION = YES;
				CLANG_WARN_OBJC_IMPLICIT_RETAIN_SELF = YES;
				CLANG_WARN_OBJC_LITERAL_CONVERSION = YES;
				CLANG_WARN_OBJC_ROOT_CLASS = YES_ERROR;
				CLANG_WARN_QUOTED_INCLUDE_IN_FRAMEWORK_HEADER = YES;
				CLANG_WARN_RANGE_LOOP_ANALYSIS = YES;
				CLANG_WARN_STRICT_PROTOTYPES = YES;
				CLANG_WARN_SUSPICIOUS_MOVE = YES;
				CLANG_WARN_UNGUARDED_AVAILABILITY = YES_AGGRESSIVE;
				CLANG_WARN_UNREACHABLE_CODE = YES;
				CLANG_WARN__DUPLICATE_METHOD_MATCH = YES;
				COPY_PHASE_STRIP = NO;
				DEBUG_INFORMATION_FORMAT = dwarf;
				ENABLE_STRICT_OBJC_MSGSEND = YES;
				ENABLE_TESTABILITY = YES;
				GCC_C_LANGUAGE_STANDARD = gnu11;
				GCC_DYNAMIC_NO_PIC = NO;
				GCC_NO_COMMON_BLOCKS = YES;
				GCC_OPTIMIZATION_LEVEL = 0;
				GCC_PREPROCESSOR_DEFINITIONS = (
					"DEBUG=1",
					"$(inherited)",
				);
				GCC_WARN_64_TO_32_BIT_CONVERSION = YES;
				GCC_WARN_ABOUT_RETURN_TYPE = YES_ERROR;
				GCC_WARN_UNDECLARED_SELECTOR = YES;
				GCC_WARN_UNINITIALIZED_AUTOS = YES_AGGRESSIVE;
				GCC_WARN_UNUSED_FUNCTION = YES;
				GCC_WARN_UNUSED_VARIABLE = YES;
				IPHONEOS_DEPLOYMENT_TARGET = 16.0;
				MTL_ENABLE_DEBUG_INFO = INCLUDE_SOURCE;
				MTL_FAST_MATH = YES;
				ONLY_ACTIVE_ARCH = YES;
				SDKROOT = iphoneos;
				SWIFT_ACTIVE_COMPILATION_CONDITIONS = DEBUG;
				SWIFT_OPTIMIZATION_LEVEL = "-Onone";
			};
			name = Debug;
		};
		61BF55EC29BA47820001B559 /* Release */ = {
			isa = XCBuildConfiguration;
			buildSettings = {
				ALWAYS_SEARCH_USER_PATHS = NO;
				CLANG_ANALYZER_NONNULL = YES;
				CLANG_ANALYZER_NUMBER_OBJECT_CONVERSION = YES_AGGRESSIVE;
				CLANG_CXX_LANGUAGE_STANDARD = "gnu++20";
				CLANG_ENABLE_MODULES = YES;
				CLANG_ENABLE_OBJC_ARC = YES;
				CLANG_ENABLE_OBJC_WEAK = YES;
				CLANG_WARN_BLOCK_CAPTURE_AUTORELEASING = YES;
				CLANG_WARN_BOOL_CONVERSION = YES;
				CLANG_WARN_COMMA = YES;
				CLANG_WARN_CONSTANT_CONVERSION = YES;
				CLANG_WARN_DEPRECATED_OBJC_IMPLEMENTATIONS = YES;
				CLANG_WARN_DIRECT_OBJC_ISA_USAGE = YES_ERROR;
				CLANG_WARN_DOCUMENTATION_COMMENTS = YES;
				CLANG_WARN_EMPTY_BODY = YES;
				CLANG_WARN_ENUM_CONVERSION = YES;
				CLANG_WARN_INFINITE_RECURSION = YES;
				CLANG_WARN_INT_CONVERSION = YES;
				CLANG_WARN_NON_LITERAL_NULL_CONVERSION = YES;
				CLANG_WARN_OBJC_IMPLICIT_RETAIN_SELF = YES;
				CLANG_WARN_OBJC_LITERAL_CONVERSION = YES;
				CLANG_WARN_OBJC_ROOT_CLASS = YES_ERROR;
				CLANG_WARN_QUOTED_INCLUDE_IN_FRAMEWORK_HEADER = YES;
				CLANG_WARN_RANGE_LOOP_ANALYSIS = YES;
				CLANG_WARN_STRICT_PROTOTYPES = YES;
				CLANG_WARN_SUSPICIOUS_MOVE = YES;
				CLANG_WARN_UNGUARDED_AVAILABILITY = YES_AGGRESSIVE;
				CLANG_WARN_UNREACHABLE_CODE = YES;
				CLANG_WARN__DUPLICATE_METHOD_MATCH = YES;
				COPY_PHASE_STRIP = NO;
				DEBUG_INFORMATION_FORMAT = "dwarf-with-dsym";
				ENABLE_NS_ASSERTIONS = NO;
				ENABLE_STRICT_OBJC_MSGSEND = YES;
				GCC_C_LANGUAGE_STANDARD = gnu11;
				GCC_NO_COMMON_BLOCKS = YES;
				GCC_WARN_64_TO_32_BIT_CONVERSION = YES;
				GCC_WARN_ABOUT_RETURN_TYPE = YES_ERROR;
				GCC_WARN_UNDECLARED_SELECTOR = YES;
				GCC_WARN_UNINITIALIZED_AUTOS = YES_AGGRESSIVE;
				GCC_WARN_UNUSED_FUNCTION = YES;
				GCC_WARN_UNUSED_VARIABLE = YES;
				IPHONEOS_DEPLOYMENT_TARGET = 16.0;
				MTL_ENABLE_DEBUG_INFO = NO;
				MTL_FAST_MATH = YES;
				SDKROOT = iphoneos;
				SWIFT_COMPILATION_MODE = wholemodule;
				SWIFT_OPTIMIZATION_LEVEL = "-O";
				VALIDATE_PRODUCT = YES;
			};
			name = Release;
		};
		61BF55EE29BA47820001B559 /* Debug */ = {
			isa = XCBuildConfiguration;
			buildSettings = {
				ASSETCATALOG_COMPILER_APPICON_NAME = AppIcon;
				ASSETCATALOG_COMPILER_GLOBAL_ACCENT_COLOR_NAME = AccentColor;
				CODE_SIGN_STYLE = Automatic;
				CURRENT_PROJECT_VERSION = 1;
				DEVELOPMENT_ASSET_PATHS = "\"Memorize/Preview Content\"";
				DEVELOPMENT_TEAM = 9JF99T9A6L;
				ENABLE_PREVIEWS = YES;
				GENERATE_INFOPLIST_FILE = YES;
				INFOPLIST_KEY_UIApplicationSceneManifest_Generation = YES;
				INFOPLIST_KEY_UIApplicationSupportsIndirectInputEvents = YES;
				INFOPLIST_KEY_UILaunchScreen_Generation = YES;
				INFOPLIST_KEY_UISupportedInterfaceOrientations_iPad = "UIInterfaceOrientationPortrait UIInterfaceOrientationPortraitUpsideDown UIInterfaceOrientationLandscapeLeft UIInterfaceOrientationLandscapeRight";
				INFOPLIST_KEY_UISupportedInterfaceOrientations_iPhone = "UIInterfaceOrientationPortrait UIInterfaceOrientationLandscapeLeft UIInterfaceOrientationLandscapeRight";
				LD_RUNPATH_SEARCH_PATHS = (
					"$(inherited)",
					"@executable_path/Frameworks",
				);
				MARKETING_VERSION = 1.0;
				PRODUCT_BUNDLE_IDENTIFIER = com.stanford.cs193p.Memorize;
				PRODUCT_NAME = "$(TARGET_NAME)";
				SWIFT_EMIT_LOC_STRINGS = YES;
				SWIFT_VERSION = 5.0;
				TARGETED_DEVICE_FAMILY = "1,2";
			};
			name = Debug;
		};
		61BF55EF29BA47820001B559 /* Release */ = {
			isa = XCBuildConfiguration;
			buildSettings = {
				ASSETCATALOG_COMPILER_APPICON_NAME = AppIcon;
				ASSETCATALOG_COMPILER_GLOBAL_ACCENT_COLOR_NAME = AccentColor;
				CODE_SIGN_STYLE = Automatic;
				CURRENT_PROJECT_VERSION = 1;
				DEVELOPMENT_ASSET_PATHS = "\"Memorize/Preview Content\"";
				DEVELOPMENT_TEAM = 9JF99T9A6L;
				ENABLE_PREVIEWS = YES;
				GENERATE_INFOPLIST_FILE = YES;
				INFOPLIST_KEY_UIApplicationSceneManifest_Generation = YES;
				INFOPLIST_KEY_UIApplicationSupportsIndirectInputEvents = YES;
				INFOPLIST_KEY_UILaunchScreen_Generation = YES;
				INFOPLIST_KEY_UISupportedInterfaceOrientations_iPad = "UIInterfaceOrientationPortrait UIInterfaceOrientationPortraitUpsideDown UIInterfaceOrientationLandscapeLeft UIInterfaceOrientationLandscapeRight";
				INFOPLIST_KEY_UISupportedInterfaceOrientations_iPhone = "UIInterfaceOrientationPortrait UIInterfaceOrientationLandscapeLeft UIInterfaceOrientationLandscapeRight";
				LD_RUNPATH_SEARCH_PATHS = (
					"$(inherited)",
					"@executable_path/Frameworks",
				);
				MARKETING_VERSION = 1.0;
				PRODUCT_BUNDLE_IDENTIFIER = com.stanford.cs193p.Memorize;
				PRODUCT_NAME = "$(TARGET_NAME)";
				SWIFT_EMIT_LOC_STRINGS = YES;
				SWIFT_VERSION = 5.0;
				TARGETED_DEVICE_FAMILY = "1,2";
			};
			name = Release;
		};
/* End XCBuildConfiguration section */

/* Begin XCConfigurationList section */
		61BF55DA29BA47800001B559 /* Build configuration list for PBXProject "Memorize" */ = {
			isa = XCConfigurationList;
			buildConfigurations = (
				61BF55EB29BA47820001B559 /* Debug */,
				61BF55EC29BA47820001B559 /* Release */,
			);
			defaultConfigurationIsVisible = 0;
			defaultConfigurationName = Release;
		};
		61BF55ED29BA47820001B559 /* Build configuration list for PBXNativeTarget "Memorize" */ = {
			isa = XCConfigurationList;
			buildConfigurations = (
				61BF55EE29BA47820001B559 /* Debug */,
				61BF55EF29BA47820001B559 /* Release */,
			);
			defaultConfigurationIsVisible = 0;
			defaultConfigurationName = Release;
		};
/* End XCConfigurationList section */
	};
	rootObject = 61BF55D729BA47800001B559 /* Project object */;
}
